
Microsoft Visual Studio Solution File, Format Version 12.00
# Visual Studio Version 17
VisualStudioVersion = 17.13.35919.96
MinimumVisualStudioVersion = 10.0.40219.1
Project("{FAE04EC0-301F-11D3-BF4B-00C04F79EFBC}") = "E-Commerce.Web", "E-Commerce.Web\E-Commerce.Web.csproj", "{85D89657-5640-49E1-A7CF-5BDB5ED4743D}"
EndProject
Project("{2150E333-8FDC-42A3-9474-1A3956D46DE8}") = "Core", "Core", "{02EA681E-C7D8-13C7-8484-4AC65E1B71E8}"
EndProject
Project("{FAE04EC0-301F-11D3-BF4B-00C04F79EFBC}") = "DomainLayer", "Core\DomainLayer\DomainLayer.csproj", "{40E067D4-C9CF-4FCC-9FC9-146598ADAE95}"
EndProject
Project("{FAE04EC0-301F-11D3-BF4B-00C04F79EFBC}") = "Service", "Core\Service\Service.csproj", "{3FF8DF12-246A-4575-8625-93ADF196760C}"
EndProject
Project("{FAE04EC0-301F-11D3-BF4B-00C04F79EFBC}") = "ServiceAbstraction", "Core\ServiceAbstraction\ServiceAbstraction.csproj", "{12EE2975-583C-4CC0-893A-59858DA98F66}"
EndProject
Project("{2150E333-8FDC-42A3-9474-1A3956D46DE8}") = "Infrastructure", "Infrastructure", "{3A5A35A4-DD01-43D3-BBF5-D04064025E33}"
EndProject
Project("{FAE04EC0-301F-11D3-BF4B-00C04F79EFBC}") = "Persistence", "Infrastructure\Persistence\Persistence.csproj", "{73455F72-0ADC-4EE1-8B8D-540E2DBB9775}"
EndProject
Project("{FAE04EC0-301F-11D3-BF4B-00C04F79EFBC}") = "Presentation", "Infrastructure\Presentation\Presentation.csproj", "{6045093E-9C37-4CE9-AE26-78A953228DC5}"
EndProject
Project("{FAE04EC0-301F-11D3-BF4B-00C04F79EFBC}") = "Shared", "Shared\Shared.csproj", "{3E7BED2C-5BBD-4BF5-B831-962C14F60FDC}"
EndProject
Global
	GlobalSection(SolutionConfigurationPlatforms) = preSolution
		Debug|Any CPU = Debug|Any CPU
		Release|Any CPU = Release|Any CPU
	EndGlobalSection
	GlobalSection(ProjectConfigurationPlatforms) = postSolution
		{85D89657-5640-49E1-A7CF-5BDB5ED4743D}.Debug|Any CPU.ActiveCfg = Debug|Any CPU
		{85D89657-5640-49E1-A7CF-5BDB5ED4743D}.Debug|Any CPU.Build.0 = Debug|Any CPU
		{85D89657-5640-49E1-A7CF-5BDB5ED4743D}.Release|Any CPU.ActiveCfg = Release|Any CPU
		{85D89657-5640-49E1-A7CF-5BDB5ED4743D}.Release|Any CPU.Build.0 = Release|Any CPU
		{40E067D4-C9CF-4FCC-9FC9-146598ADAE95}.Debug|Any CPU.ActiveCfg = Debug|Any CPU
		{40E067D4-C9CF-4FCC-9FC9-146598ADAE95}.Debug|Any CPU.Build.0 = Debug|Any CPU
		{40E067D4-C9CF-4FCC-9FC9-146598ADAE95}.Release|Any CPU.ActiveCfg = Release|Any CPU
		{40E067D4-C9CF-4FCC-9FC9-146598ADAE95}.Release|Any CPU.Build.0 = Release|Any CPU
		{3FF8DF12-246A-4575-8625-93ADF196760C}.Debug|Any CPU.ActiveCfg = Debug|Any CPU
		{3FF8DF12-246A-4575-8625-93ADF196760C}.Debug|Any CPU.Build.0 = Debug|Any CPU
		{3FF8DF12-246A-4575-8625-93ADF196760C}.Release|Any CPU.ActiveCfg = Release|Any CPU
		{3FF8DF12-246A-4575-8625-93ADF196760C}.Release|Any CPU.Build.0 = Release|Any CPU
		{12EE2975-583C-4CC0-893A-59858DA98F66}.Debug|Any CPU.ActiveCfg = Debug|Any CPU
		{12EE2975-583C-4CC0-893A-59858DA98F66}.Debug|Any CPU.Build.0 = Debug|Any CPU
		{12EE2975-583C-4CC0-893A-59858DA98F66}.Release|Any CPU.ActiveCfg = Release|Any CPU
		{12EE2975-583C-4CC0-893A-59858DA98F66}.Release|Any CPU.Build.0 = Release|Any CPU
		{73455F72-0ADC-4EE1-8B8D-540E2DBB9775}.Debug|Any CPU.ActiveCfg = Debug|Any CPU
		{73455F72-0ADC-4EE1-8B8D-540E2DBB9775}.Debug|Any CPU.Build.0 = Debug|Any CPU
		{73455F72-0ADC-4EE1-8B8D-540E2DBB9775}.Release|Any CPU.ActiveCfg = Release|Any CPU
		{73455F72-0ADC-4EE1-8B8D-540E2DBB9775}.Release|Any CPU.Build.0 = Release|Any CPU
		{6045093E-9C37-4CE9-AE26-78A953228DC5}.Debug|Any CPU.ActiveCfg = Debug|Any CPU
		{6045093E-9C37-4CE9-AE26-78A953228DC5}.Debug|Any CPU.Build.0 = Debug|Any CPU
		{6045093E-9C37-4CE9-AE26-78A953228DC5}.Release|Any CPU.ActiveCfg = Release|Any CPU
		{6045093E-9C37-4CE9-AE26-78A953228DC5}.Release|Any CPU.Build.0 = Release|Any CPU
		{3E7BED2C-5BBD-4BF5-B831-962C14F60FDC}.Debug|Any CPU.ActiveCfg = Debug|Any CPU
		{3E7BED2C-5BBD-4BF5-B831-962C14F60FDC}.Debug|Any CPU.Build.0 = Debug|Any CPU
		{3E7BED2C-5BBD-4BF5-B831-962C14F60FDC}.Release|Any CPU.ActiveCfg = Release|Any CPU
		{3E7BED2C-5BBD-4BF5-B831-962C14F60FDC}.Release|Any CPU.Build.0 = Release|Any CPU
	EndGlobalSection
	GlobalSection(SolutionProperties) = preSolution
		HideSolutionNode = FALSE
	EndGlobalSection
	GlobalSection(NestedProjects) = preSolution
		{40E067D4-C9CF-4FCC-9FC9-146598ADAE95} = {02EA681E-C7D8-13C7-8484-4AC65E1B71E8}
		{3FF8DF12-246A-4575-8625-93ADF196760C} = {02EA681E-C7D8-13C7-8484-4AC65E1B71E8}
		{12EE2975-583C-4CC0-893A-59858DA98F66} = {02EA681E-C7D8-13C7-8484-4AC65E1B71E8}
		{73455F72-0ADC-4EE1-8B8D-540E2DBB9775} = {3A5A35A4-DD01-43D3-BBF5-D04064025E33}
		{6045093E-9C37-4CE9-AE26-78A953228DC5} = {3A5A35A4-DD01-43D3-BBF5-D04064025E33}
	EndGlobalSection
	GlobalSection(ExtensibilityGlobals) = postSolution
		SolutionGuid = {D474EEDC-CDCD-493B-8730-383526A533E5}
	EndGlobalSection
EndGlobal
